
Microsoft Visual Studio Solution File, Format Version 12.00
Project("{2150E333-8FDC-42A3-9474-1A3956D46DE8}") = "meta", "meta", "{13D33453-8FDA-4FBC-863A-24383232D951}"
ProjectSection(SolutionItems) = preProject
	global.json = global.json
	NuGet.config = NuGet.config
	.github\workflows\continuous-integration.yml = .github\workflows\continuous-integration.yml
	src\packages.lock.json = src\Chisel\packages.lock.json
	.github\dependabot.yml = .github\dependabot.yml
	MAINTENANCE.md = MAINTENANCE.md
	CHANGELOG.md = CHANGELOG.md
	CODE_OF_CONDUCT.md = CODE_OF_CONDUCT.md
	LICENSE = LICENSE
EndProjectSection
EndProject
Project("{FAE04EC0-301F-11D3-BF4B-00C04F79EFBC}") = "Chisel", "src\Chisel\Chisel.csproj", "{F4CAEC64-3B0C-4ACD-BF87-760A838A5D86}"
EndProject
Project("{FAE04EC0-301F-11D3-BF4B-00C04F79EFBC}") = "Chisel.Tests", "tests\Chisel.Tests\Chisel.Tests.csproj", "{EC3CCB92-1AA1-4C33-B296-D7111EEF84E4}"
EndProject
Project("{2150E333-8FDC-42A3-9474-1A3956D46DE8}") = "samples", "samples", "{0CC84E67-19D2-480B-B36A-6BB15A9109E7}"
EndProject
Project("{FAE04EC0-301F-11D3-BF4B-00C04F79EFBC}") = "MongoDbSample", "samples\MongoDbSample\MongoDbSample.csproj", "{845EDA2A-5207-4C6D-ABE9-9635F4630D90}"
EndProject
Project("{2150E333-8FDC-42A3-9474-1A3956D46DE8}") = "src", "src", "{89268D80-B21D-4C76-AF7F-796AAD1E00D9}"
EndProject
Project("{2150E333-8FDC-42A3-9474-1A3956D46DE8}") = "tests", "tests", "{AC8C6685-EDF9-443A-BAF6-A5E7CF777B2A}"
EndProject
Project("{FAE04EC0-301F-11D3-BF4B-00C04F79EFBC}") = "TestApp", "tests\TestApp\TestApp.csproj", "{8B1B3D6A-7100-4DFB-97C9-CF5ACF1A3B08}"
EndProject
Global
	GlobalSection(SolutionConfigurationPlatforms) = preSolution
		Debug|Any CPU = Debug|Any CPU
		Release|Any CPU = Release|Any CPU
	EndGlobalSection
	GlobalSection(ProjectConfigurationPlatforms) = postSolution
		{F4CAEC64-3B0C-4ACD-BF87-760A838A5D86}.Debug|Any CPU.ActiveCfg = Debug|Any CPU
		{F4CAEC64-3B0C-4ACD-BF87-760A838A5D86}.Debug|Any CPU.Build.0 = Debug|Any CPU
		{F4CAEC64-3B0C-4ACD-BF87-760A838A5D86}.Release|Any CPU.ActiveCfg = Release|Any CPU
		{F4CAEC64-3B0C-4ACD-BF87-760A838A5D86}.Release|Any CPU.Build.0 = Release|Any CPU
		{EC3CCB92-1AA1-4C33-B296-D7111EEF84E4}.Debug|Any CPU.ActiveCfg = Debug|Any CPU
		{EC3CCB92-1AA1-4C33-B296-D7111EEF84E4}.Debug|Any CPU.Build.0 = Debug|Any CPU
		{EC3CCB92-1AA1-4C33-B296-D7111EEF84E4}.Release|Any CPU.ActiveCfg = Release|Any CPU
		{EC3CCB92-1AA1-4C33-B296-D7111EEF84E4}.Release|Any CPU.Build.0 = Release|Any CPU
		{845EDA2A-5207-4C6D-ABE9-9635F4630D90}.Debug|Any CPU.ActiveCfg = Debug|Any CPU
		{845EDA2A-5207-4C6D-ABE9-9635F4630D90}.Debug|Any CPU.Build.0 = Debug|Any CPU
		{845EDA2A-5207-4C6D-ABE9-9635F4630D90}.Release|Any CPU.ActiveCfg = Release|Any CPU
		{845EDA2A-5207-4C6D-ABE9-9635F4630D90}.Release|Any CPU.Build.0 = Release|Any CPU
		{8B1B3D6A-7100-4DFB-97C9-CF5ACF1A3B08}.Debug|Any CPU.ActiveCfg = Debug|Any CPU
		{8B1B3D6A-7100-4DFB-97C9-CF5ACF1A3B08}.Release|Any CPU.ActiveCfg = Release|Any CPU
	EndGlobalSection
	GlobalSection(NestedProjects) = preSolution
		{845EDA2A-5207-4C6D-ABE9-9635F4630D90} = {0CC84E67-19D2-480B-B36A-6BB15A9109E7}
		{F4CAEC64-3B0C-4ACD-BF87-760A838A5D86} = {89268D80-B21D-4C76-AF7F-796AAD1E00D9}
		{EC3CCB92-1AA1-4C33-B296-D7111EEF84E4} = {AC8C6685-EDF9-443A-BAF6-A5E7CF777B2A}
		{8B1B3D6A-7100-4DFB-97C9-CF5ACF1A3B08} = {AC8C6685-EDF9-443A-BAF6-A5E7CF777B2A}
	EndGlobalSection
EndGlobal
