{
  "version": 1,
  "dependencies": {
    ".NETStandard,Version=v2.0": {
      "Microsoft.Build.Utilities.Core": {
        "type": "Direct",
        "requested": "[18.0.2, )",
        "resolved": "18.0.2",
        "contentHash": "qsI2Mc8tbJEyg5m4oTvxlu5wY8te0TIVxObxILvrrPdeFUwH5V5UXUT2RV054b3S9msIR+7zViTWp4nRp0YGbQ==",
        "dependencies": {
          "Microsoft.Build.Framework": "18.0.2"
        }
      },
      "MinVer": {
        "type": "Direct",
        "requested": "[6.0.0, )",
        "resolved": "6.0.0",
        "contentHash": "+/SsmiySsXJlvQLCGBqaZKNVt3s/Y/HbAdwtop7Km2CnuZbaScoqkWJEBQ5Cy9ebkn6kCYKrHsXgwrFdTgcb3g=="
      },
      "NETStandard.Library": {
        "type": "Direct",
        "requested": "[2.0.3, )",
        "resolved": "2.0.3",
        "contentHash": "st47PosZSHrjECdjeIzZQbzivYBJFv6P2nv4cj2ypdI204DO+vZ7l5raGMiX4eXMJ53RfOIg+/s4DHVZ54Nu2A==",
        "dependencies": {
          "Microsoft.NETCore.Platforms": "1.1.0"
        }
      },
      "NuGet.ProjectModel": {
        "type": "Direct",
        "requested": "[6.11.1, )",
        "resolved": "6.11.1",
        "contentHash": "/91qJLUq3njYsRL4E2r0+cS6xKuePpt9vzweAH7cm2lKBIYKxRhzx6elzRm3jsGMwlcABn0bYl6PXx81Y0SMGg==",
        "dependencies": {
          "NuGet.DependencyResolver.Core": "6.11.1"
        }
      },
      "PolySharp": {
        "type": "Direct",
        "requested": "[1.15.0, )",
        "resolved": "1.15.0",
        "contentHash": "FbU0El+EEjdpuIX4iDbeS7ki1uzpJPx8vbqOzEtqnl1GZeAGJfq+jCbxeJL2y0EPnUNk8dRnnqR2xnYXg9Tf+g=="
      },
      "Microsoft.Bcl.AsyncInterfaces": {
        "type": "Transitive",
        "resolved": "7.0.0",
        "contentHash": "3aeMZ1N0lJoSyzqiP03hqemtb1BijhsJADdobn/4nsMJ8V1H+CrpuduUe4hlRdx+ikBQju1VGjMD1GJ3Sk05Eg==",
        "dependencies": {
          "System.Threading.Tasks.Extensions": "4.5.4"
        }
      },
      "Microsoft.Build.Framework": {
        "type": "Transitive",
        "resolved": "18.0.2",
        "contentHash": "sOSb+0J4G/jCBW/YqmRuL0eOMXgfw1KQLdC9TkbvfA5xs7uNm+PBQXJCOzSJGXtZcZrtXozcwxPmUiRUbmd7FA=="
      },
      "Microsoft.NETCore.Platforms": {
        "type": "Transitive",
        "resolved": "1.1.0",
        "contentHash": "kz0PEW2lhqygehI/d6XsPCQzD7ff7gUJaVGPVETX611eadGsA3A877GdSlU0LRVMCTH/+P3o2iDTak+S08V2+A=="
      },
      "Newtonsoft.Json": {
        "type": "Transitive",
        "resolved": "13.0.3",
        "contentHash": "HrC5BXdl00IP9zeV+0Z848QWPAoCr9P3bDEZguI+gkLcBKAOxix/tLEAAHC+UvDNPv4a2d18lOReHMOagPa+zQ=="
      },
      "NuGet.Common": {
        "type": "Transitive",
        "resolved": "6.11.1",
        "contentHash": "6ouw0UC3TGaFHNJyoEK2/Q5jSryRHzcbKGv9C0+t/TPnTP8PoLqnyFxO1dwmQUmJkWuKAUo6Vu0kIXHY/8LyKQ==",
        "dependencies": {
          "NuGet.Frameworks": "6.11.1"
        }
      },
      "NuGet.Configuration": {
        "type": "Transitive",
        "resolved": "6.11.1",
        "contentHash": "vbEe2acKrI2QmNx9U94ewhgUt6cLpwBeQfMtrie6NMz+GkJcX/4qIkKsX3SeBO4gFgCf8eeTyURl5hxPtiUctw==",
        "dependencies": {
          "NuGet.Common": "6.11.1",
          "System.Security.Cryptography.ProtectedData": "4.4.0"
        }
      },
      "NuGet.DependencyResolver.Core": {
        "type": "Transitive",
        "resolved": "6.11.1",
        "contentHash": "vw4uYwXc1zarWBbC/eZToQIqOYtGqGOBIadfk2p2VKbJQk3eTeEbOa5Qsxl8J3gAIXb2SVSE0MOFydbpgEvL6g==",
        "dependencies": {
          "NuGet.Configuration": "6.11.1",
          "NuGet.LibraryModel": "6.11.1",
          "NuGet.Protocol": "6.11.1"
        }
      },
      "NuGet.Frameworks": {
        "type": "Transitive",
        "resolved": "6.11.1",
        "contentHash": "plTZ3ariSWQVsFn2mk83SsdmSg1VpgIMTSZpP/eSE/NNQF02p+M9ItxAYeUZBMX+cQ2nFkSwxQRJ0/fkaV9Hbg=="
      },
      "NuGet.LibraryModel": {
        "type": "Transitive",
        "resolved": "6.11.1",
        "contentHash": "An4JAcY8FuYF2Sq8X/9QPQRC7veD28z1FZAV6n57fJpTYYDd32aD7MuxPsXKGIyA6iVMcJ00pSpoGELQecXZLQ==",
        "dependencies": {
          "NuGet.Common": "6.11.1",
          "NuGet.Versioning": "6.11.1"
        }
      },
      "NuGet.Packaging": {
        "type": "Transitive",
        "resolved": "6.11.1",
        "contentHash": "wiofIUUr7khwuaGXiOibMb7+dEkF97EVsAmzlaNc188HV9ujjqweQMuVCoAK2/MqXdhnrKjvicUfKo9CPsNnfg==",
        "dependencies": {
          "Newtonsoft.Json": "13.0.3",
          "NuGet.Configuration": "6.11.1",
          "NuGet.Versioning": "6.11.1",
          "System.Security.Cryptography.Pkcs": "6.0.4"
        }
      },
      "NuGet.Protocol": {
        "type": "Transitive",
        "resolved": "6.11.1",
        "contentHash": "WkYlSuNHNt/j1tbHp/xjvwk2EsIdSM3raEjk3EfIFd62ER1+x4eC8/J1VKqnve6cTupF4LsuwD3Z4YCumnfCXw==",
        "dependencies": {
          "NuGet.Packaging": "6.11.1",
          "System.Text.Json": "7.0.3"
        }
      },
      "NuGet.Versioning": {
        "type": "Transitive",
        "resolved": "6.11.1",
        "contentHash": "YNn3BB71F+guJW42TbAhGcMh3gpyqFMZcPVD9pm5vcvGivTALtRely/VCPWQQ6JQ5PfwIrjPaJMO7VnqyeK3rg=="
      },
      "System.Buffers": {
        "type": "Transitive",
        "resolved": "4.5.1",
        "contentHash": "Rw7ijyl1qqRS0YQD/WycNst8hUUMgrMH4FCn1nNm27M4VxchZ1js3fVjQaANHO5f3sN4isvP4a+Met9Y4YomAg=="
      },
      "System.Formats.Asn1": {
        "type": "Transitive",
        "resolved": "6.0.0",
        "contentHash": "T6fD00dQ3NTbPDy31m4eQUwKW84s03z0N2C8HpOklyeaDgaJPa/TexP4/SkORMSOwc7WhKifnA6Ya33AkzmafA==",
        "dependencies": {
          "System.Buffers": "4.5.1",
          "System.Memory": "4.5.4"
        }
      },
      "System.Memory": {
        "type": "Transitive",
        "resolved": "4.5.5",
        "contentHash": "XIWiDvKPXaTveaB7HVganDlOCRoj03l+jrwNvcge/t8vhGYKvqV+dMv6G4SAX2NoNmN0wZfVPTAlFwZcZvVOUw==",
        "dependencies": {
          "System.Buffers": "4.5.1",
          "System.Numerics.Vectors": "4.4.0",
          "System.Runtime.CompilerServices.Unsafe": "4.5.3"
        }
      },
      "System.Numerics.Vectors": {
        "type": "Transitive",
        "resolved": "4.5.0",
        "contentHash": "QQTlPTl06J/iiDbJCiepZ4H//BVraReU4O4EoRw1U02H5TLUIT7xn3GnDp9AXPSlJUDyFs4uWjWafNX6WrAojQ=="
      },
      "System.Runtime.CompilerServices.Unsafe": {
        "type": "Transitive",
        "resolved": "6.0.0",
        "contentHash": "/iUeP3tq1S0XdNNoMz5C9twLSrM/TH+qElHkXWaPvuNOt+99G75NrV0OS2EqHx5wMN7popYjpc8oTjC1y16DLg=="
      },
      "System.Security.Cryptography.Cng": {
        "type": "Transitive",
        "resolved": "5.0.0",
        "contentHash": "jIMXsKn94T9JY7PvPq/tMfqa6GAaHpElRDpmG+SuL+D3+sTw2M8VhnibKnN8Tq+4JqbPJ/f+BwtLeDMEnzAvRg=="
      },
      "System.Security.Cryptography.Pkcs": {
        "type": "Transitive",
        "resolved": "6.0.4",
        "contentHash": "LGbXi1oUJ9QgCNGXRO9ndzBL/GZgANcsURpMhNR8uO+rca47SZmciS3RSQUvlQRwK3QHZSHNOXzoMUASKA+Anw==",
        "dependencies": {
          "System.Buffers": "4.5.1",
          "System.Formats.Asn1": "6.0.0",
          "System.Memory": "4.5.4",
          "System.Security.Cryptography.Cng": "5.0.0"
        }
      },
      "System.Security.Cryptography.ProtectedData": {
        "type": "Transitive",
        "resolved": "4.4.0",
        "contentHash": "cJV7ScGW7EhatRsjehfvvYVBvtiSMKgN8bOVI0bQhnF5bU7vnHVIsH49Kva7i7GWaWYvmEzkYVk1TC+gZYBEog=="
      },
      "System.Text.Encodings.Web": {
        "type": "Transitive",
        "resolved": "7.0.0",
        "contentHash": "OP6umVGxc0Z0MvZQBVigj4/U31Pw72ITihDWP9WiWDm+q5aoe0GaJivsfYGq53o6dxH7DcXWiCTl7+0o2CGdmg==",
        "dependencies": {
          "System.Buffers": "4.5.1",
          "System.Memory": "4.5.5",
          "System.Runtime.CompilerServices.Unsafe": "6.0.0"
        }
      },
      "System.Text.Json": {
        "type": "Transitive",
        "resolved": "7.0.3",
        "contentHash": "AyjhwXN1zTFeIibHimfJn6eAsZ7rTBib79JQpzg8WAuR/HKDu9JGNHTuu3nbbXQ/bgI+U4z6HtZmCHNXB1QXrQ==",
        "dependencies": {
          "Microsoft.Bcl.AsyncInterfaces": "7.0.0",
          "System.Buffers": "4.5.1",
          "System.Memory": "4.5.5",
          "System.Numerics.Vectors": "4.5.0",
          "System.Runtime.CompilerServices.Unsafe": "6.0.0",
          "System.Text.Encodings.Web": "7.0.0",
          "System.Threading.Tasks.Extensions": "4.5.4"
        }
      },
      "System.Threading.Tasks.Extensions": {
        "type": "Transitive",
        "resolved": "4.5.4",
        "contentHash": "zteT+G8xuGu6mS+mzDzYXbzS7rd3K6Fjb9RiZlYlJPam2/hU7JCBZBVEcywNuR+oZ1ncTvc/cq0faRr3P01OVg==",
        "dependencies": {
          "System.Runtime.CompilerServices.Unsafe": "4.5.3"
        }
      }
    }
  }
}